
Microsoft Visual Studio Solution File, Format Version 12.00
# Visual Studio Version 16
VisualStudioVersion = 16.0.30413.136
MinimumVisualStudioVersion = 10.0.40219.1
Project("{8BC9CEB8-8B4A-11D0-8D11-00A0C91BC942}") = "MineCode", "MineCode.vcxproj", "{109D3A6E-6027-4F4A-8446-FE7E0486839B}"
EndProject
Project("{8BC9CEB8-8B4A-11D0-8D11-00A0C91BC942}") = "ParserTest", "test\ParserTest\ParserTest.vcxproj", "{12706DCC-461D-4E95-90FA-5CB8343492C2}"
EndProject
Project("{8BC9CEB8-8B4A-11D0-8D11-00A0C91BC942}") = "AssemblyTest", "test\AssemblyTest\AssemblyTest.vcxproj", "{3BB2EC1E-D75A-4A05-A8FE-518EC3785792}"
EndProject
Global
	GlobalSection(SolutionConfigurationPlatforms) = preSolution
		Debug|x64 = Debug|x64
		Debug|x86 = Debug|x86
		Release|x64 = Release|x64
		Release|x86 = Release|x86
	EndGlobalSection
	GlobalSection(ProjectConfigurationPlatforms) = postSolution
		{109D3A6E-6027-4F4A-8446-FE7E0486839B}.Debug|x64.ActiveCfg = Debug|x64
		{109D3A6E-6027-4F4A-8446-FE7E0486839B}.Debug|x64.Build.0 = Debug|x64
		{109D3A6E-6027-4F4A-8446-FE7E0486839B}.Debug|x86.ActiveCfg = Debug|Win32
		{109D3A6E-6027-4F4A-8446-FE7E0486839B}.Debug|x86.Build.0 = Debug|Win32
		{109D3A6E-6027-4F4A-8446-FE7E0486839B}.Release|x64.ActiveCfg = Release|x64
		{109D3A6E-6027-4F4A-8446-FE7E0486839B}.Release|x64.Build.0 = Release|x64
		{109D3A6E-6027-4F4A-8446-FE7E0486839B}.Release|x86.ActiveCfg = Release|Win32
		{109D3A6E-6027-4F4A-8446-FE7E0486839B}.Release|x86.Build.0 = Release|Win32
		{12706DCC-461D-4E95-90FA-5CB8343492C2}.Debug|x64.ActiveCfg = Debug|x64
		{12706DCC-461D-4E95-90FA-5CB8343492C2}.Debug|x64.Build.0 = Debug|x64
		{12706DCC-461D-4E95-90FA-5CB8343492C2}.Debug|x86.ActiveCfg = Debug|Win32
		{12706DCC-461D-4E95-90FA-5CB8343492C2}.Debug|x86.Build.0 = Debug|Win32
		{12706DCC-461D-4E95-90FA-5CB8343492C2}.Release|x64.ActiveCfg = Release|x64
		{12706DCC-461D-4E95-90FA-5CB8343492C2}.Release|x64.Build.0 = Release|x64
		{12706DCC-461D-4E95-90FA-5CB8343492C2}.Release|x86.ActiveCfg = Release|Win32
		{12706DCC-461D-4E95-90FA-5CB8343492C2}.Release|x86.Build.0 = Release|Win32
		{3BB2EC1E-D75A-4A05-A8FE-518EC3785792}.Debug|x64.ActiveCfg = Debug|x64
		{3BB2EC1E-D75A-4A05-A8FE-518EC3785792}.Debug|x64.Build.0 = Debug|x64
		{3BB2EC1E-D75A-4A05-A8FE-518EC3785792}.Debug|x86.ActiveCfg = Debug|Win32
		{3BB2EC1E-D75A-4A05-A8FE-518EC3785792}.Debug|x86.Build.0 = Debug|Win32
		{3BB2EC1E-D75A-4A05-A8FE-518EC3785792}.Release|x64.ActiveCfg = Release|x64
		{3BB2EC1E-D75A-4A05-A8FE-518EC3785792}.Release|x64.Build.0 = Release|x64
		{3BB2EC1E-D75A-4A05-A8FE-518EC3785792}.Release|x86.ActiveCfg = Release|Win32
		{3BB2EC1E-D75A-4A05-A8FE-518EC3785792}.Release|x86.Build.0 = Release|Win32
	EndGlobalSection
	GlobalSection(SolutionProperties) = preSolution
		HideSolutionNode = FALSE
	EndGlobalSection
	GlobalSection(ExtensibilityGlobals) = postSolution
		SolutionGuid = {3517AF05-753D-4E1B-A9D1-17A17D8E3400}
	EndGlobalSection
EndGlobal
